# This file was autogenerated by Stack.
# You should not edit this file by hand.
# For more information, please see the documentation at:
#   https://docs.haskellstack.org/en/stable/lock_files

packages:
- completed:
    hackage: hedgehog-1.0@sha256:440dafedac48a34eac3871f8622b215462cfc0708536cb0458b7a8cf38247c69,4463
    pantry-tree:
      size: 2409
      sha256: 985f5ddc16bc1fd4b0c33d4b4e6f54d205fc63aa97b5912b0fcb370dc2a672e3
  original:
    hackage: hedgehog-1.0
snapshots:
- completed:
    size: 498402
    url: https://raw.githubusercontent.com/commercialhaskell/stackage-snapshots/master/lts/13/24.yaml
    sha256: 33e96adfe24f112b62f6edd22565cdbaa13155703bbfbfdc3d0a9bc6138ae7bf
  original: lts-13.24
